
Microsoft Visual Studio Solution File, Format Version 12.00
# Visual Studio Version 17
VisualStudioVersion = 17.3.32825.248
MinimumVisualStudioVersion = 10.0.40219.1
Project("{FAE04EC0-301F-11D3-BF4B-00C04F79EFBC}") = "ASPTest", "ASPTest.csproj", "{B2D2CD36-DB8F-4E2C-A98F-CC1049776DDC}"
EndProject
Global
	GlobalSection(SolutionConfigurationPlatforms) = preSolution
		Debug|Any CPU = Debug|Any CPU
		Release|Any CPU = Release|Any CPU
	EndGlobalSection
	GlobalSection(ProjectConfigurationPlatforms) = postSolution
		{B2D2CD36-DB8F-4E2C-A98F-CC1049776DDC}.Debug|Any CPU.ActiveCfg = Debug|Any CPU
		{B2D2CD36-DB8F-4E2C-A98F-CC1049776DDC}.Debug|Any CPU.Build.0 = Debug|Any CPU
		{B2D2CD36-DB8F-4E2C-A98F-CC1049776DDC}.Release|Any CPU.ActiveCfg = Release|Any CPU
		{B2D2CD36-DB8F-4E2C-A98F-CC1049776DDC}.Release|Any CPU.Build.0 = Release|Any CPU
	EndGlobalSection
	GlobalSection(SolutionProperties) = preSolution
		HideSolutionNode = FALSE
	EndGlobalSection
	GlobalSection(ExtensibilityGlobals) = postSolution
		SolutionGuid = {8F6F448A-9DD6-4224-B942-BCE64D5A9F31}
	EndGlobalSection
EndGlobal
