
Microsoft Visual Studio Solution File, Format Version 12.00
# Visual Studio Version 17
VisualStudioVersion = 17.3.32825.248
MinimumVisualStudioVersion = 10.0.40219.1
Project("{FAE04EC0-301F-11D3-BF4B-00C04F79EFBC}") = "Laba4", "Laba4.csproj", "{22DE5B94-DC92-4FF2-A416-F5BF8BC960D2}"
EndProject
Global
	GlobalSection(SolutionConfigurationPlatforms) = preSolution
		Debug|Any CPU = Debug|Any CPU
		Release|Any CPU = Release|Any CPU
	EndGlobalSection
	GlobalSection(ProjectConfigurationPlatforms) = postSolution
		{22DE5B94-DC92-4FF2-A416-F5BF8BC960D2}.Debug|Any CPU.ActiveCfg = Debug|Any CPU
		{22DE5B94-DC92-4FF2-A416-F5BF8BC960D2}.Debug|Any CPU.Build.0 = Debug|Any CPU
		{22DE5B94-DC92-4FF2-A416-F5BF8BC960D2}.Release|Any CPU.ActiveCfg = Release|Any CPU
		{22DE5B94-DC92-4FF2-A416-F5BF8BC960D2}.Release|Any CPU.Build.0 = Release|Any CPU
	EndGlobalSection
	GlobalSection(SolutionProperties) = preSolution
		HideSolutionNode = FALSE
	EndGlobalSection
	GlobalSection(ExtensibilityGlobals) = postSolution
		SolutionGuid = {B1D9C7E8-1DD7-43DD-920D-9A9E68DF12A1}
	EndGlobalSection
EndGlobal
