
Microsoft Visual Studio Solution File, Format Version 12.00
# Visual Studio Version 17
VisualStudioVersion = 17.3.32825.248
MinimumVisualStudioVersion = 10.0.40219.1
Project("{FAE04EC0-301F-11D3-BF4B-00C04F79EFBC}") = "Lab6", "Lab6.csproj", "{1139B76E-BB9D-4F16-968D-7E4CDEFD66A1}"
EndProject
Global
	GlobalSection(SolutionConfigurationPlatforms) = preSolution
		Debug|Any CPU = Debug|Any CPU
		Release|Any CPU = Release|Any CPU
	EndGlobalSection
	GlobalSection(ProjectConfigurationPlatforms) = postSolution
		{1139B76E-BB9D-4F16-968D-7E4CDEFD66A1}.Debug|Any CPU.ActiveCfg = Debug|Any CPU
		{1139B76E-BB9D-4F16-968D-7E4CDEFD66A1}.Debug|Any CPU.Build.0 = Debug|Any CPU
		{1139B76E-BB9D-4F16-968D-7E4CDEFD66A1}.Release|Any CPU.ActiveCfg = Release|Any CPU
		{1139B76E-BB9D-4F16-968D-7E4CDEFD66A1}.Release|Any CPU.Build.0 = Release|Any CPU
	EndGlobalSection
	GlobalSection(SolutionProperties) = preSolution
		HideSolutionNode = FALSE
	EndGlobalSection
	GlobalSection(ExtensibilityGlobals) = postSolution
		SolutionGuid = {BD7D77AF-B78B-4CC4-94C4-23634107A384}
	EndGlobalSection
EndGlobal
